
Microsoft Visual Studio Solution File, Format Version 12.00
# Visual Studio Version 17
VisualStudioVersion = 17.6.33723.286
MinimumVisualStudioVersion = 10.0.40219.1
Project("{8BC9CEB8-8B4A-11D0-8D11-00A0C91BC942}") = "Solid-Waddle-3D-Engine", "Solid-Waddle-3D-Engine.vcxproj", "{CE0783E3-9DF0-4CCF-A2C3-B72BD26DD018}"
EndProject
Global
	GlobalSection(SolutionConfigurationPlatforms) = preSolution
		Debug|x64 = Debug|x64
		Debug|x86 = Debug|x86
		Release|x64 = Release|x64
		Release|x86 = Release|x86
	EndGlobalSection
	GlobalSection(ProjectConfigurationPlatforms) = postSolution
		{CE0783E3-9DF0-4CCF-A2C3-B72BD26DD018}.Debug|x64.ActiveCfg = Debug|x64
		{CE0783E3-9DF0-4CCF-A2C3-B72BD26DD018}.Debug|x64.Build.0 = Debug|x64
		{CE0783E3-9DF0-4CCF-A2C3-B72BD26DD018}.Debug|x86.ActiveCfg = Debug|Win32
		{CE0783E3-9DF0-4CCF-A2C3-B72BD26DD018}.Debug|x86.Build.0 = Debug|Win32
		{CE0783E3-9DF0-4CCF-A2C3-B72BD26DD018}.Release|x64.ActiveCfg = Release|x64
		{CE0783E3-9DF0-4CCF-A2C3-B72BD26DD018}.Release|x64.Build.0 = Release|x64
		{CE0783E3-9DF0-4CCF-A2C3-B72BD26DD018}.Release|x86.ActiveCfg = Release|Win32
		{CE0783E3-9DF0-4CCF-A2C3-B72BD26DD018}.Release|x86.Build.0 = Release|Win32
	EndGlobalSection
	GlobalSection(SolutionProperties) = preSolution
		HideSolutionNode = FALSE
	EndGlobalSection
	GlobalSection(ExtensibilityGlobals) = postSolution
		SolutionGuid = {14E79778-C92A-425E-89D6-91150B996C58}
	EndGlobalSection
EndGlobal
